<?xml version="1.0" encoding="utf-8"?>
<Project ToolsVersion="4.0" xmlns="http://schemas.microsoft.com/developer/msbuild/2003">
  <ItemGroup>
    <Filter Include="Source Files">
      <UniqueIdentifier>{4FC737F1-C7A5-4376-A066-2A32D752A2FF}</UniqueIdentifier>
      <Extensions>cpp;c;cc;cxx;c++;cppm;ixx;def;odl;idl;hpj;bat;asm;asmx</Extensions>
    </Filter>
    <Filter Include="Header Files">
      <UniqueIdentifier>{93995380-89BD-4b04-88EB-625FBE52EBFB}</UniqueIdentifier>
      <Extensions>h;hh;hpp;hxx;h++;hm;inl;inc;ipp;xsd</Extensions>
    </Filter>
    <Filter Include="Resource Files">
      <UniqueIdentifier>{67DA6AB6-F800-4c08-8B7A-83BB121AAD01}</UniqueIdentifier>
      <Extensions>rc;ico;cur;bmp;dlg;rc2;rct;bin;rgs;gif;jpg;jpeg;jpe;resx;tiff;tif;png;wav;mfcribbon-ms</Extensions>
    </Filter>
  </ItemGroup>
  <ItemGroup>
    <ClInclude Include="..\FILES\Buffer.h">
      <Filter>Header Files</Filter>
    </ClInclude>
    <ClInclude Include="..\FILES\Communicator.h">
      <Filter>Header Files</Filter>
    </ClInclude>
    <ClInclude Include="..\FILES\IDatabase.h">
      <Filter>Header Files</Filter>
    </ClInclude>
    <ClInclude Include="..\FILES\IRequestHandler.h">
      <Filter>Header Files</Filter>
    </ClInclude>
    <ClInclude Include="..\FILES\JsonRequestPacketDeserializer.h">
      <Filter>Header Files</Filter>
    </ClInclude>
    <ClInclude Include="..\FILES\JsonResponsePacketSerializer.h">
      <Filter>Header Files</Filter>
    </ClInclude>
    <ClInclude Include="..\FILES\LoggedUser.h">
      <Filter>Header Files</Filter>
    </ClInclude>
    <ClInclude Include="..\FILES\LoginManager.h">
      <Filter>Header Files</Filter>
    </ClInclude>
    <ClInclude Include="..\FILES\LoginRequest.h">
      <Filter>Header Files</Filter>
    </ClInclude>
    <ClInclude Include="..\FILES\LoginRequestHandler.h">
      <Filter>Header Files</Filter>
    </ClInclude>
    <ClInclude Include="..\FILES\RequestCodes.h">
      <Filter>Header Files</Filter>
    </ClInclude>
    <ClInclude Include="..\FILES\RequestHandlerFactory.h">
      <Filter>Header Files</Filter>
    </ClInclude>
    <ClInclude Include="..\FILES\RequestInfo.h">
      <Filter>Header Files</Filter>
    </ClInclude>
    <ClInclude Include="..\FILES\RequestResult.h">
      <Filter>Header Files</Filter>
    </ClInclude>
    <ClInclude Include="..\FILES\ResponseCodes.h">
      <Filter>Header Files</Filter>
    </ClInclude>
    <ClInclude Include="..\FILES\Responses.h">
      <Filter>Header Files</Filter>
    </ClInclude>
    <ClInclude Include="..\FILES\Server.h">
      <Filter>Header Files</Filter>
    </ClInclude>
    <ClInclude Include="..\FILES\SignupRequest.h">
      <Filter>Header Files</Filter>
    </ClInclude>
    <ClInclude Include="..\FILES\sqlite3.h">
      <Filter>Header Files</Filter>
    </ClInclude>
    <ClInclude Include="..\FILES\SqliteDatabase.h">
      <Filter>Header Files</Filter>
    </ClInclude>
    <ClInclude Include="..\FILES\json.hpp">
      <Filter>Resource Files</Filter>
    </ClInclude>
    <ClInclude Include="..\FILES\RoomData.h">
      <Filter>Header Files</Filter>
    </ClInclude>
    <ClInclude Include="..\FILES\Room.h">
      <Filter>Header Files</Filter>
    </ClInclude>
    <ClInclude Include="..\FILES\RoomManager.h">
      <Filter>Header Files</Filter>
    </ClInclude>
    <ClInclude Include="..\FILES\MenuRequestHandler.h">
      <Filter>Header Files</Filter>
    </ClInclude>
    <ClInclude Include="..\FILES\CreateRoomRequest.h">
      <Filter>Header Files</Filter>
    </ClInclude>
    <ClInclude Include="..\FILES\JoinRoomRequest.h">
      <Filter>Header Files</Filter>
    </ClInclude>
    <ClInclude Include="..\FILES\GetPlayersInRoomRequest.h">
      <Filter>Header Files</Filter>
    </ClInclude>
    <ClInclude Include="..\FILES\RoomAdminRequestHandler.h">
      <Filter>Header Files</Filter>
    </ClInclude>
    <ClInclude Include="..\FILES\RoomMemberRequestHandler.h">
      <Filter>Header Files</Filter>
    </ClInclude>
    <ClInclude Include="..\FILES\GameRequestHandler.h">
      <Filter>Header Files</Filter>
    </ClInclude>
    <ClInclude Include="..\FILES\Question.h">
      <Filter>Header Files</Filter>
    </ClInclude>
    <ClInclude Include="..\FILES\Game.h">
      <Filter>Header Files</Filter>
    </ClInclude>
    <ClInclude Include="..\FILES\SubmitAnswerRequest.h">
      <Filter>Header Files</Filter>
    </ClInclude>
    <ClInclude Include="..\FILES\GameManager.h">
      <Filter>Header Files</Filter>
    </ClInclude>
    <ClInclude Include="..\FILES\StatisticsManager.h">
      <Filter>Header Files</Filter>
    </ClInclude>
    <ClInclude Include="..\FILES\StatisticsRequestHandler.h">
      <Filter>Header Files</Filter>
    </ClInclude>
  </ItemGroup>
  <ItemGroup>
    <ClCompile Include="..\FILES\Buffer.cpp">
      <Filter>Source Files</Filter>
    </ClCompile>
    <ClCompile Include="..\FILES\Communicator.cpp">
      <Filter>Source Files</Filter>
    </ClCompile>
    <ClCompile Include="..\FILES\JsonRequestPacketDeserializer.cpp">
      <Filter>Source Files</Filter>
    </ClCompile>
    <ClCompile Include="..\FILES\JsonResponsePacketSerializer.cpp">
      <Filter>Source Files</Filter>
    </ClCompile>
    <ClCompile Include="..\FILES\LoggedUser.cpp">
      <Filter>Source Files</Filter>
    </ClCompile>
    <ClCompile Include="..\FILES\LoginManager.cpp">
      <Filter>Source Files</Filter>
    </ClCompile>
    <ClCompile Include="..\FILES\LoginRequestHandler.cpp">
      <Filter>Source Files</Filter>
    </ClCompile>
    <ClCompile Include="..\FILES\main.cpp">
      <Filter>Source Files</Filter>
    </ClCompile>
    <ClCompile Include="..\FILES\RequestHandlerFactory.cpp">
      <Filter>Source Files</Filter>
    </ClCompile>
    <ClCompile Include="..\FILES\RequestInfo.cpp">
      <Filter>Source Files</Filter>
    </ClCompile>
    <ClCompile Include="..\FILES\RequestResult.cpp">
      <Filter>Source Files</Filter>
    </ClCompile>
    <ClCompile Include="..\FILES\Server.cpp">
      <Filter>Source Files</Filter>
    </ClCompile>
    <ClCompile Include="..\FILES\sqlite3.c">
      <Filter>Source Files</Filter>
    </ClCompile>
    <ClCompile Include="..\FILES\SqliteDatabase.cpp">
      <Filter>Source Files</Filter>
    </ClCompile>
    <ClCompile Include="..\FILES\Room.cpp">
      <Filter>Source Files</Filter>
    </ClCompile>
    <ClCompile Include="..\FILES\RoomManager.cpp">
      <Filter>Source Files</Filter>
    </ClCompile>
    <ClCompile Include="..\FILES\MenuRequestHandler.cpp">
      <Filter>Source Files</Filter>
    </ClCompile>
    <ClCompile Include="..\FILES\RoomAdminRequestHandler.cpp">
      <Filter>Source Files</Filter>
    </ClCompile>
    <ClCompile Include="..\FILES\RoomMemberRequestHandler.cpp">
      <Filter>Source Files</Filter>
    </ClCompile>
    <ClCompile Include="..\FILES\GameRequestHandler.cpp">
      <Filter>Source Files</Filter>
    </ClCompile>
    <ClCompile Include="..\FILES\Question.cpp">
      <Filter>Source Files</Filter>
    </ClCompile>
    <ClCompile Include="..\FILES\Game.cpp">
      <Filter>Source Files</Filter>
    </ClCompile>
    <ClCompile Include="..\FILES\GameManager.cpp">
      <Filter>Source Files</Filter>
    </ClCompile>
    <ClCompile Include="..\FILES\StatisticsManager.cpp">
      <Filter>Source Files</Filter>
    </ClCompile>
    <ClCompile Include="..\FILES\StatisticsRequestHandler.cpp">
      <Filter>Source Files</Filter>
    </ClCompile>
  </ItemGroup>
  <ItemGroup>
    <None Include="..\FILES\Trivia.db">
      <Filter>Resource Files</Filter>
    </None>
  </ItemGroup>
</Project>